
Microsoft Visual Studio Solution File, Format Version 12.00
# Visual Studio Version 17
VisualStudioVersion = 17.9.34622.214
MinimumVisualStudioVersion = 10.0.40219.1
Project("{FAE04EC0-301F-11D3-BF4B-00C04F79EFBC}") = "BackgroundServiceInDotnet", "BackgroundServiceInDotnet\BackgroundServiceInDotnet.csproj", "{CCA5DEA8-3E65-4203-8065-A52D04669483}"
EndProject
Global
	GlobalSection(SolutionConfigurationPlatforms) = preSolution
		Debug|Any CPU = Debug|Any CPU
		Release|Any CPU = Release|Any CPU
	EndGlobalSection
	GlobalSection(ProjectConfigurationPlatforms) = postSolution
		{CCA5DEA8-3E65-4203-8065-A52D04669483}.Debug|Any CPU.ActiveCfg = Debug|Any CPU
		{CCA5DEA8-3E65-4203-8065-A52D04669483}.Debug|Any CPU.Build.0 = Debug|Any CPU
		{CCA5DEA8-3E65-4203-8065-A52D04669483}.Release|Any CPU.ActiveCfg = Release|Any CPU
		{CCA5DEA8-3E65-4203-8065-A52D04669483}.Release|Any CPU.Build.0 = Release|Any CPU
	EndGlobalSection
	GlobalSection(SolutionProperties) = preSolution
		HideSolutionNode = FALSE
	EndGlobalSection
	GlobalSection(ExtensibilityGlobals) = postSolution
		SolutionGuid = {4D89FF17-6B21-4BB1-B9C2-3C88FAACCFC5}
	EndGlobalSection
EndGlobal
